
Microsoft Visual Studio Solution File, Format Version 12.00
# Visual Studio Version 16
VisualStudioVersion = 16.0.32510.428
MinimumVisualStudioVersion = 10.0.40219.1
Project("{FAE04EC0-301F-11D3-BF4B-00C04F79EFBC}") = "var and dynamic keyword", "var and dynamic keyword\var and dynamic keyword.csproj", "{4536C0A1-0D15-4B54-A47F-3720857A5562}"
EndProject
Global
	GlobalSection(SolutionConfigurationPlatforms) = preSolution
		Debug|Any CPU = Debug|Any CPU
		Release|Any CPU = Release|Any CPU
	EndGlobalSection
	GlobalSection(ProjectConfigurationPlatforms) = postSolution
		{4536C0A1-0D15-4B54-A47F-3720857A5562}.Debug|Any CPU.ActiveCfg = Debug|Any CPU
		{4536C0A1-0D15-4B54-A47F-3720857A5562}.Debug|Any CPU.Build.0 = Debug|Any CPU
		{4536C0A1-0D15-4B54-A47F-3720857A5562}.Release|Any CPU.ActiveCfg = Release|Any CPU
		{4536C0A1-0D15-4B54-A47F-3720857A5562}.Release|Any CPU.Build.0 = Release|Any CPU
	EndGlobalSection
	GlobalSection(SolutionProperties) = preSolution
		HideSolutionNode = FALSE
	EndGlobalSection
	GlobalSection(ExtensibilityGlobals) = postSolution
		SolutionGuid = {58960DAE-C1F7-4780-9156-D378E6CE86D2}
	EndGlobalSection
EndGlobal
